PODS:
  - Alamofire (4.4.0)
  - PromiseKit (6.8.5):
    - PromiseKit/CorePromise (= 6.8.5)
    - PromiseKit/Foundation (= 6.8.5)
    - PromiseKit/UIKit (= 6.8.5)
  - PromiseKit/CorePromise (6.8.5)
  - PromiseKit/Foundation (6.8.5):
    - PromiseKit/CorePromise
  - PromiseKit/UIKit (6.8.5):
    - PromiseKit/CorePromise

DEPENDENCIES:
  - Alamofire (= 4.4.0)
  - PromiseKit (~> 6.8)

SPEC REPOS:
  https://github.com/cocoapods/specs.git:
    - Alamofire
    - PromiseKit

SPEC CHECKSUMS:
  Alamofire: dc44b1600b800eb63da6a19039a0083d62a6a62d
  PromiseKit: 9616b0afef31eae56ab9ce044c8ec2b8612a15cd

PODFILE CHECKSUM: d01990a3edbc9136718ea904fe6d3cca4742203f

COCOAPODS: 1.7.1
