// !$*UTF8*$!
{
	archiveVersion = 1;
	classes = {
	};
	objectVersion = 48;
	objects = {

/* Begin PBXBuildFile section */
		3607F8B222C4383A00A4891D /* ExecutionQueue.swift in Sources */ = {isa = PBXBuildFile; fileRef = 3607F8B122C4383A00A4891D /* ExecutionQueue.swift */; };
		3607F8B422C4476C00A4891D /* LinkedQueue.swift in Sources */ = {isa = PBXBuildFile; fileRef = 3607F8B322C4476C00A4891D /* LinkedQueue.swift */; };
		3642C26722BD974F00EF8271 /* LinkedList.swift in Sources */ = {isa = PBXBuildFile; fileRef = 3642C26622BD974F00EF8271 /* LinkedList.swift */; };
		3642C2B022C1673E00EF8271 /* EvolvClientFactory.swift in Sources */ = {isa = PBXBuildFile; fileRef = 3642C2AF22C1673E00EF8271 /* EvolvClientFactory.swift */; };
		3661DDAE22AF3012008F7017 /* AppDelegate.swift in Sources */ = {isa = PBXBuildFile; fileRef = 3661DDAD22AF3012008F7017 /* AppDelegate.swift */; };
		3661DDB022AF3012008F7017 /* ViewController.swift in Sources */ = {isa = PBXBuildFile; fileRef = 3661DDAF22AF3012008F7017 /* ViewController.swift */; };
		3661DDB322AF3012008F7017 /* Main.storyboard in Resources */ = {isa = PBXBuildFile; fileRef = 3661DDB122AF3012008F7017 /* Main.storyboard */; };
		3661DDB522AF3012008F7017 /* Assets.xcassets in Resources */ = {isa = PBXBuildFile; fileRef = 3661DDB422AF3012008F7017 /* Assets.xcassets */; };
		3661DDB822AF3012008F7017 /* LaunchScreen.storyboard in Resources */ = {isa = PBXBuildFile; fileRef = 3661DDB622AF3012008F7017 /* LaunchScreen.storyboard */; };
		3661DDC322AF3012008F7017 /* exampleTests.swift in Sources */ = {isa = PBXBuildFile; fileRef = 3661DDC222AF3012008F7017 /* exampleTests.swift */; };
		3661DDCE22AF3012008F7017 /* exampleUITests.swift in Sources */ = {isa = PBXBuildFile; fileRef = 3661DDCD22AF3012008F7017 /* exampleUITests.swift */; };
		3661DDDC22AF3599008F7017 /* Allocator.swift in Sources */ = {isa = PBXBuildFile; fileRef = 3661DDDB22AF3599008F7017 /* Allocator.swift */; };
		3661DDDE22AF3890008F7017 /* EvolvClient.swift in Sources */ = {isa = PBXBuildFile; fileRef = 3661DDDD22AF3890008F7017 /* EvolvClient.swift */; };
		3661DDE122AF4855008F7017 /* EvolvParticipant.swift in Sources */ = {isa = PBXBuildFile; fileRef = 3661DDE022AF4855008F7017 /* EvolvParticipant.swift */; };
		3661DDE322AF6160008F7017 /* EvolvService.swift in Sources */ = {isa = PBXBuildFile; fileRef = 3661DDE222AF6160008F7017 /* EvolvService.swift */; };
		3664FC0822B084F7009ED0BE /* HttpClient.swift in Sources */ = {isa = PBXBuildFile; fileRef = 3664FC0722B084F7009ED0BE /* HttpClient.swift */; };
		3664FC0A22B15F98009ED0BE /* EvolvAllocationStore.swift in Sources */ = {isa = PBXBuildFile; fileRef = 3664FC0922B15F98009ED0BE /* EvolvAllocationStore.swift */; };
		3664FC0C22B16443009ED0BE /* MaxSizeDictionary.swift in Sources */ = {isa = PBXBuildFile; fileRef = 3664FC0B22B16443009ED0BE /* MaxSizeDictionary.swift */; };
		3664FC0E22B17F69009ED0BE /* Allocations.swift in Sources */ = {isa = PBXBuildFile; fileRef = 3664FC0D22B17F69009ED0BE /* Allocations.swift */; };
		3664FC1022B187BC009ED0BE /* EventEmitter.swift in Sources */ = {isa = PBXBuildFile; fileRef = 3664FC0F22B187BC009ED0BE /* EventEmitter.swift */; };
		3664FC1322B18AC9009ED0BE /* HTTPHeaders.swift in Sources */ = {isa = PBXBuildFile; fileRef = 3664FC1222B18AC9009ED0BE /* HTTPHeaders.swift */; };
		3664FC1522B18B06009ED0BE /* HTTPURLRequest.swift in Sources */ = {isa = PBXBuildFile; fileRef = 3664FC1422B18B06009ED0BE /* HTTPURLRequest.swift */; };
		3664FC1722B18B1A009ED0BE /* HTTPURLResponse.swift in Sources */ = {isa = PBXBuildFile; fileRef = 3664FC1622B18B1A009ED0BE /* HTTPURLResponse.swift */; };
		3664FC1922B18B31009ED0BE /* URLResponse.swift in Sources */ = {isa = PBXBuildFile; fileRef = 3664FC1822B18B31009ED0BE /* URLResponse.swift */; };
		3664FC1B22B19352009ED0BE /* ExecutionDispatch.swift in Sources */ = {isa = PBXBuildFile; fileRef = 3664FC1A22B19352009ED0BE /* ExecutionDispatch.swift */; };
		3664FC1D22B19392009ED0BE /* EvolvConfig.swift in Sources */ = {isa = PBXBuildFile; fileRef = 3664FC1C22B19392009ED0BE /* EvolvConfig.swift */; };
		3664FC1F22B1C40D009ED0BE /* DefaultAllocationStore.swift in Sources */ = {isa = PBXBuildFile; fileRef = 3664FC1E22B1C40D009ED0BE /* DefaultAllocationStore.swift */; };
		3664FC2522B42EEF009ED0BE /* LruCache.swift in Sources */ = {isa = PBXBuildFile; fileRef = 3664FC2422B42EEF009ED0BE /* LruCache.swift */; };
		3664FC2722B803CA009ED0BE /* ErrorObserver.swift in Sources */ = {isa = PBXBuildFile; fileRef = 3664FC2622B803CA009ED0BE /* ErrorObserver.swift */; };
		3664FC2A22B80664009ED0BE /* Log.swift in Sources */ = {isa = PBXBuildFile; fileRef = 3664FC2922B80664009ED0BE /* Log.swift */; };
		3664FC2C22B81219009ED0BE /* EvolvCommon.swift in Sources */ = {isa = PBXBuildFile; fileRef = 3664FC2B22B81219009ED0BE /* EvolvCommon.swift */; };
		3664FC3222B95B2E009ED0BE /* EvolvClientImpl.swift in Sources */ = {isa = PBXBuildFile; fileRef = 3664FC3122B95B2E009ED0BE /* EvolvClientImpl.swift */; };
		36D06E7F22BB093700B533B3 /* Execution.swift in Sources */ = {isa = PBXBuildFile; fileRef = 36D06E7E22BB093700B533B3 /* Execution.swift */; };
		36D06E8222BBF4A300B533B3 /* GenericClass.swift in Sources */ = {isa = PBXBuildFile; fileRef = 36D06E8122BBF4A300B533B3 /* GenericClass.swift */; };
		36D06E8422BC0CD200B533B3 /* Dict.swift in Sources */ = {isa = PBXBuildFile; fileRef = 36D06E8322BC0CD200B533B3 /* Dict.swift */; };
		36D06E8622BC1F9900B533B3 /* Audience.swift in Sources */ = {isa = PBXBuildFile; fileRef = 36D06E8522BC1F9900B533B3 /* Audience.swift */; };
		36D06E8922BC325800B533B3 /* Extensions.swift in Sources */ = {isa = PBXBuildFile; fileRef = 36D06E8822BC325800B533B3 /* Extensions.swift */; };
		36D06E8B22BC542000B533B3 /* EvolvAction.swift in Sources */ = {isa = PBXBuildFile; fileRef = 36D06E8A22BC542000B533B3 /* EvolvAction.swift */; };
		F00345C3683348A0B72996D8 /* Pods_example.framework in Frameworks */ = {isa = PBXBuildFile; fileRef = 1791950A4D5C785F26EAE579 /* Pods_example.framework */; };
/* End PBXBuildFile section */

/* Begin PBXContainerItemProxy section */
		3661DDBF22AF3012008F7017 /* PBXContainerItemProxy */ = {
			isa = PBXContainerItemProxy;
			containerPortal = 3661DDA222AF3012008F7017 /* Project object */;
			proxyType = 1;
			remoteGlobalIDString = 3661DDA922AF3012008F7017;
			remoteInfo = example;
		};
		3661DDCA22AF3012008F7017 /* PBXContainerItemProxy */ = {
			isa = PBXContainerItemProxy;
			containerPortal = 3661DDA222AF3012008F7017 /* Project object */;
			proxyType = 1;
			remoteGlobalIDString = 3661DDA922AF3012008F7017;
			remoteInfo = example;
		};
/* End PBXContainerItemProxy section */

/* Begin PBXFileReference section */
		1791950A4D5C785F26EAE579 /* Pods_example.framework */ = {isa = PBXFileReference; explicitFileType = wrapper.framework; includeInIndex = 0; path = Pods_example.framework; sourceTree = BUILT_PRODUCTS_DIR; };
		21A91E004D94D3EB6AE918D3 /* Pods-example.debug.xcconfig */ = {isa = PBXFileReference; includeInIndex = 1; lastKnownFileType = text.xcconfig; name = "Pods-example.debug.xcconfig"; path = "Target Support Files/Pods-example/Pods-example.debug.xcconfig"; sourceTree = "<group>"; };
		3607F8B122C4383A00A4891D /* ExecutionQueue.swift */ = {isa = PBXFileReference; lastKnownFileType = sourcecode.swift; path = ExecutionQueue.swift; sourceTree = "<group>"; };
		3607F8B322C4476C00A4891D /* LinkedQueue.swift */ = {isa = PBXFileReference; lastKnownFileType = sourcecode.swift; path = LinkedQueue.swift; sourceTree = "<group>"; };
		3642C26622BD974F00EF8271 /* LinkedList.swift */ = {isa = PBXFileReference; lastKnownFileType = sourcecode.swift; path = LinkedList.swift; sourceTree = "<group>"; };
		3642C2AF22C1673E00EF8271 /* EvolvClientFactory.swift */ = {isa = PBXFileReference; lastKnownFileType = sourcecode.swift; path = EvolvClientFactory.swift; sourceTree = "<group>"; };
		3661DDAA22AF3012008F7017 /* example.app */ = {isa = PBXFileReference; explicitFileType = wrapper.application; includeInIndex = 0; path = example.app; sourceTree = BUILT_PRODUCTS_DIR; };
		3661DDAD22AF3012008F7017 /* AppDelegate.swift */ = {isa = PBXFileReference; lastKnownFileType = sourcecode.swift; path = AppDelegate.swift; sourceTree = "<group>"; };
		3661DDAF22AF3012008F7017 /* ViewController.swift */ = {isa = PBXFileReference; lastKnownFileType = sourcecode.swift; path = ViewController.swift; sourceTree = "<group>"; };
		3661DDB222AF3012008F7017 /* Base */ = {isa = PBXFileReference; lastKnownFileType = file.storyboard; name = Base; path = Base.lproj/Main.storyboard; sourceTree = "<group>"; };
		3661DDB422AF3012008F7017 /* Assets.xcassets */ = {isa = PBXFileReference; lastKnownFileType = folder.assetcatalog; path = Assets.xcassets; sourceTree = "<group>"; };
		3661DDB722AF3012008F7017 /* Base */ = {isa = PBXFileReference; lastKnownFileType = file.storyboard; name = Base; path = Base.lproj/LaunchScreen.storyboard; sourceTree = "<group>"; };
		3661DDB922AF3012008F7017 /* Info.plist */ = {isa = PBXFileReference; lastKnownFileType = text.plist.xml; path = Info.plist; sourceTree = "<group>"; };
		3661DDBE22AF3012008F7017 /* exampleTests.xctest */ = {isa = PBXFileReference; explicitFileType = wrapper.cfbundle; includeInIndex = 0; path = exampleTests.xctest; sourceTree = BUILT_PRODUCTS_DIR; };
		3661DDC222AF3012008F7017 /* exampleTests.swift */ = {isa = PBXFileReference; lastKnownFileType = sourcecode.swift; path = exampleTests.swift; sourceTree = "<group>"; };
		3661DDC422AF3012008F7017 /* Info.plist */ = {isa = PBXFileReference; lastKnownFileType = text.plist.xml; path = Info.plist; sourceTree = "<group>"; };
		3661DDC922AF3012008F7017 /* exampleUITests.xctest */ = {isa = PBXFileReference; explicitFileType = wrapper.cfbundle; includeInIndex = 0; path = exampleUITests.xctest; sourceTree = BUILT_PRODUCTS_DIR; };
		3661DDCD22AF3012008F7017 /* exampleUITests.swift */ = {isa = PBXFileReference; lastKnownFileType = sourcecode.swift; path = exampleUITests.swift; sourceTree = "<group>"; };
		3661DDCF22AF3012008F7017 /* Info.plist */ = {isa = PBXFileReference; lastKnownFileType = text.plist.xml; path = Info.plist; sourceTree = "<group>"; };
		3661DDDB22AF3599008F7017 /* Allocator.swift */ = {isa = PBXFileReference; lastKnownFileType = sourcecode.swift; path = Allocator.swift; sourceTree = "<group>"; };
		3661DDDD22AF3890008F7017 /* EvolvClient.swift */ = {isa = PBXFileReference; lastKnownFileType = sourcecode.swift; path = EvolvClient.swift; sourceTree = "<group>"; };
		3661DDE022AF4855008F7017 /* EvolvParticipant.swift */ = {isa = PBXFileReference; lastKnownFileType = sourcecode.swift; path = EvolvParticipant.swift; sourceTree = "<group>"; };
		3661DDE222AF6160008F7017 /* EvolvService.swift */ = {isa = PBXFileReference; lastKnownFileType = sourcecode.swift; name = EvolvService.swift; path = ../EvolvService.swift; sourceTree = "<group>"; };
		3664FC0722B084F7009ED0BE /* HttpClient.swift */ = {isa = PBXFileReference; lastKnownFileType = sourcecode.swift; name = HttpClient.swift; path = ../HttpClient.swift; sourceTree = "<group>"; };
		3664FC0922B15F98009ED0BE /* EvolvAllocationStore.swift */ = {isa = PBXFileReference; lastKnownFileType = sourcecode.swift; path = EvolvAllocationStore.swift; sourceTree = "<group>"; };
		3664FC0B22B16443009ED0BE /* MaxSizeDictionary.swift */ = {isa = PBXFileReference; lastKnownFileType = sourcecode.swift; path = MaxSizeDictionary.swift; sourceTree = "<group>"; };
		3664FC0D22B17F69009ED0BE /* Allocations.swift */ = {isa = PBXFileReference; lastKnownFileType = sourcecode.swift; path = Allocations.swift; sourceTree = "<group>"; };
		3664FC0F22B187BC009ED0BE /* EventEmitter.swift */ = {isa = PBXFileReference; lastKnownFileType = sourcecode.swift; path = EventEmitter.swift; sourceTree = "<group>"; };
		3664FC1222B18AC9009ED0BE /* HTTPHeaders.swift */ = {isa = PBXFileReference; lastKnownFileType = sourcecode.swift; name = HTTPHeaders.swift; path = ../HTTPHeaders.swift; sourceTree = "<group>"; };
		3664FC1422B18B06009ED0BE /* HTTPURLRequest.swift */ = {isa = PBXFileReference; lastKnownFileType = sourcecode.swift; name = HTTPURLRequest.swift; path = ../HTTPURLRequest.swift; sourceTree = "<group>"; };
		3664FC1622B18B1A009ED0BE /* HTTPURLResponse.swift */ = {isa = PBXFileReference; lastKnownFileType = sourcecode.swift; name = HTTPURLResponse.swift; path = ../HTTPURLResponse.swift; sourceTree = "<group>"; };
		3664FC1822B18B31009ED0BE /* URLResponse.swift */ = {isa = PBXFileReference; lastKnownFileType = sourcecode.swift; name = URLResponse.swift; path = ../URLResponse.swift; sourceTree = "<group>"; };
		3664FC1A22B19352009ED0BE /* ExecutionDispatch.swift */ = {isa = PBXFileReference; lastKnownFileType = sourcecode.swift; path = ExecutionDispatch.swift; sourceTree = "<group>"; };
		3664FC1C22B19392009ED0BE /* EvolvConfig.swift */ = {isa = PBXFileReference; lastKnownFileType = sourcecode.swift; path = EvolvConfig.swift; sourceTree = "<group>"; };
		3664FC1E22B1C40D009ED0BE /* DefaultAllocationStore.swift */ = {isa = PBXFileReference; lastKnownFileType = sourcecode.swift; path = DefaultAllocationStore.swift; sourceTree = "<group>"; };
		3664FC2422B42EEF009ED0BE /* LruCache.swift */ = {isa = PBXFileReference; lastKnownFileType = sourcecode.swift; path = LruCache.swift; sourceTree = "<group>"; };
		3664FC2622B803CA009ED0BE /* ErrorObserver.swift */ = {isa = PBXFileReference; lastKnownFileType = sourcecode.swift; path = ErrorObserver.swift; sourceTree = "<group>"; };
		3664FC2922B80664009ED0BE /* Log.swift */ = {isa = PBXFileReference; lastKnownFileType = sourcecode.swift; path = Log.swift; sourceTree = "<group>"; };
		3664FC2B22B81219009ED0BE /* EvolvCommon.swift */ = {isa = PBXFileReference; lastKnownFileType = sourcecode.swift; path = EvolvCommon.swift; sourceTree = "<group>"; };
		3664FC3122B95B2E009ED0BE /* EvolvClientImpl.swift */ = {isa = PBXFileReference; lastKnownFileType = sourcecode.swift; path = EvolvClientImpl.swift; sourceTree = "<group>"; };
		36D06E7E22BB093700B533B3 /* Execution.swift */ = {isa = PBXFileReference; lastKnownFileType = sourcecode.swift; path = Execution.swift; sourceTree = "<group>"; };
		36D06E8122BBF4A300B533B3 /* GenericClass.swift */ = {isa = PBXFileReference; lastKnownFileType = sourcecode.swift; path = GenericClass.swift; sourceTree = "<group>"; };
		36D06E8322BC0CD200B533B3 /* Dict.swift */ = {isa = PBXFileReference; lastKnownFileType = sourcecode.swift; path = Dict.swift; sourceTree = "<group>"; };
		36D06E8522BC1F9900B533B3 /* Audience.swift */ = {isa = PBXFileReference; lastKnownFileType = sourcecode.swift; path = Audience.swift; sourceTree = "<group>"; };
		36D06E8822BC325800B533B3 /* Extensions.swift */ = {isa = PBXFileReference; lastKnownFileType = sourcecode.swift; path = Extensions.swift; sourceTree = "<group>"; };
		36D06E8A22BC542000B533B3 /* EvolvAction.swift */ = {isa = PBXFileReference; lastKnownFileType = sourcecode.swift; path = EvolvAction.swift; sourceTree = "<group>"; };
		FDEECCE933EDCA50BF9067D5 /* Pods-example.release.xcconfig */ = {isa = PBXFileReference; includeInIndex = 1; lastKnownFileType = text.xcconfig; name = "Pods-example.release.xcconfig"; path = "Target Support Files/Pods-example/Pods-example.release.xcconfig"; sourceTree = "<group>"; };
/* End PBXFileReference section */

/* Begin PBXFrameworksBuildPhase section */
		3661DDA722AF3012008F7017 /* Frameworks */ = {
			isa = PBXFrameworksBuildPhase;
			buildActionMask = 2147483647;
			files = (
				F00345C3683348A0B72996D8 /* Pods_example.framework in Frameworks */,
			);
			runOnlyForDeploymentPostprocessing = 0;
		};
		3661DDBB22AF3012008F7017 /* Frameworks */ = {
			isa = PBXFrameworksBuildPhase;
			buildActionMask = 2147483647;
			files = (
			);
			runOnlyForDeploymentPostprocessing = 0;
		};
		3661DDC622AF3012008F7017 /* Frameworks */ = {
			isa = PBXFrameworksBuildPhase;
			buildActionMask = 2147483647;
			files = (
			);
			runOnlyForDeploymentPostprocessing = 0;
		};
/* End PBXFrameworksBuildPhase section */

/* Begin PBXGroup section */
		3661DDA122AF3012008F7017 = {
			isa = PBXGroup;
			children = (
				3661DDAC22AF3012008F7017 /* example */,
				3661DDC122AF3012008F7017 /* exampleTests */,
				3661DDCC22AF3012008F7017 /* exampleUITests */,
				3661DDAB22AF3012008F7017 /* Products */,
				CBD64E96FA606424245D213D /* Pods */,
				F9590EA500D30C2A7622B487 /* Frameworks */,
			);
			sourceTree = "<group>";
		};
		3661DDAB22AF3012008F7017 /* Products */ = {
			isa = PBXGroup;
			children = (
				3661DDAA22AF3012008F7017 /* example.app */,
				3661DDBE22AF3012008F7017 /* exampleTests.xctest */,
				3661DDC922AF3012008F7017 /* exampleUITests.xctest */,
			);
			name = Products;
			sourceTree = "<group>";
		};
		3661DDAC22AF3012008F7017 /* example */ = {
			isa = PBXGroup;
			children = (
				3661DDAD22AF3012008F7017 /* AppDelegate.swift */,
				3661DDAF22AF3012008F7017 /* ViewController.swift */,
				3661DDB122AF3012008F7017 /* Main.storyboard */,
				3661DDB622AF3012008F7017 /* LaunchScreen.storyboard */,
				3661DDB422AF3012008F7017 /* Assets.xcassets */,
				3661DDB922AF3012008F7017 /* Info.plist */,
				3664FC1C22B19392009ED0BE /* EvolvConfig.swift */,
				3661DDE022AF4855008F7017 /* EvolvParticipant.swift */,
				3664FC0D22B17F69009ED0BE /* Allocations.swift */,
				3661DDDB22AF3599008F7017 /* Allocator.swift */,
				3664FC0F22B187BC009ED0BE /* EventEmitter.swift */,
				3664FC3122B95B2E009ED0BE /* EvolvClientImpl.swift */,
				3642C2AF22C1673E00EF8271 /* EvolvClientFactory.swift */,
				36D06E8A22BC542000B533B3 /* EvolvAction.swift */,
				3664FC0922B15F98009ED0BE /* EvolvAllocationStore.swift */,
				3664FC2B22B81219009ED0BE /* EvolvCommon.swift */,
				3661DDDD22AF3890008F7017 /* EvolvClient.swift */,
				36D06E8522BC1F9900B533B3 /* Audience.swift */,
				3664FC1E22B1C40D009ED0BE /* DefaultAllocationStore.swift */,
				3664FC2622B803CA009ED0BE /* ErrorObserver.swift */,
				36D06E7E22BB093700B533B3 /* Execution.swift */,
				3607F8B122C4383A00A4891D /* ExecutionQueue.swift */,
				3664FC1A22B19352009ED0BE /* ExecutionDispatch.swift */,
				3664FC0B22B16443009ED0BE /* MaxSizeDictionary.swift */,
				36BBE60022C3DB50007A6336 /* Networking */,
				36D06E8022BBEF5E00B533B3 /* Generics */,
				36D06E8722BC323B00B533B3 /* Utility */,
				3664FC2822B80652009ED0BE /* Service Objects */,
			);
			path = example;
			sourceTree = "<group>";
		};
		3661DDC122AF3012008F7017 /* exampleTests */ = {
			isa = PBXGroup;
			children = (
				3661DDC222AF3012008F7017 /* exampleTests.swift */,
				3661DDC422AF3012008F7017 /* Info.plist */,
			);
			path = exampleTests;
			sourceTree = "<group>";
		};
		3661DDCC22AF3012008F7017 /* exampleUITests */ = {
			isa = PBXGroup;
			children = (
				3661DDCD22AF3012008F7017 /* exampleUITests.swift */,
				3661DDCF22AF3012008F7017 /* Info.plist */,
			);
			path = exampleUITests;
			sourceTree = "<group>";
		};
		3664FC2822B80652009ED0BE /* Service Objects */ = {
			isa = PBXGroup;
			children = (
				3664FC2922B80664009ED0BE /* Log.swift */,
			);
			name = "Service Objects";
			sourceTree = "<group>";
		};
		36BBE60022C3DB50007A6336 /* Networking */ = {
			isa = PBXGroup;
			children = (
				3661DDE222AF6160008F7017 /* EvolvService.swift */,
				3664FC0722B084F7009ED0BE /* HttpClient.swift */,
				3664FC1422B18B06009ED0BE /* HTTPURLRequest.swift */,
				3664FC1622B18B1A009ED0BE /* HTTPURLResponse.swift */,
				3664FC1822B18B31009ED0BE /* URLResponse.swift */,
				3664FC1222B18AC9009ED0BE /* HTTPHeaders.swift */,
			);
			path = Networking;
			sourceTree = "<group>";
		};
		36D06E8022BBEF5E00B533B3 /* Generics */ = {
			isa = PBXGroup;
			children = (
				36D06E8122BBF4A300B533B3 /* GenericClass.swift */,
				36D06E8322BC0CD200B533B3 /* Dict.swift */,
			);
			path = Generics;
			sourceTree = "<group>";
		};
		36D06E8722BC323B00B533B3 /* Utility */ = {
			isa = PBXGroup;
			children = (
				3664FC2422B42EEF009ED0BE /* LruCache.swift */,
				3642C26622BD974F00EF8271 /* LinkedList.swift */,
				3607F8B322C4476C00A4891D /* LinkedQueue.swift */,
				36D06E8822BC325800B533B3 /* Extensions.swift */,
			);
			path = Utility;
			sourceTree = "<group>";
		};
		CBD64E96FA606424245D213D /* Pods */ = {
			isa = PBXGroup;
			children = (
				21A91E004D94D3EB6AE918D3 /* Pods-example.debug.xcconfig */,
				FDEECCE933EDCA50BF9067D5 /* Pods-example.release.xcconfig */,
			);
			path = Pods;
			sourceTree = "<group>";
		};
		F9590EA500D30C2A7622B487 /* Frameworks */ = {
			isa = PBXGroup;
			children = (
				1791950A4D5C785F26EAE579 /* Pods_example.framework */,
			);
			name = Frameworks;
			sourceTree = "<group>";
		};
/* End PBXGroup section */

/* Begin PBXNativeTarget section */
		3661DDA922AF3012008F7017 /* example */ = {
			isa = PBXNativeTarget;
			buildConfigurationList = 3661DDD222AF3012008F7017 /* Build configuration list for PBXNativeTarget "example" */;
			buildPhases = (
				FAAFBBB4FD40BC1526A53C3F /* [CP] Check Pods Manifest.lock */,
				3661DDA622AF3012008F7017 /* Sources */,
				3661DDA722AF3012008F7017 /* Frameworks */,
				3661DDA822AF3012008F7017 /* Resources */,
				3661DDDF22AF403F008F7017 /* ShellScript */,
				8698CF1C4B23B96EBD18AC39 /* [CP] Embed Pods Frameworks */,
			);
			buildRules = (
			);
			dependencies = (
			);
			name = example;
			productName = example;
			productReference = 3661DDAA22AF3012008F7017 /* example.app */;
			productType = "com.apple.product-type.application";
		};
		3661DDBD22AF3012008F7017 /* exampleTests */ = {
			isa = PBXNativeTarget;
			buildConfigurationList = 3661DDD522AF3012008F7017 /* Build configuration list for PBXNativeTarget "exampleTests" */;
			buildPhases = (
				3661DDBA22AF3012008F7017 /* Sources */,
				3661DDBB22AF3012008F7017 /* Frameworks */,
				3661DDBC22AF3012008F7017 /* Resources */,
			);
			buildRules = (
			);
			dependencies = (
				3661DDC022AF3012008F7017 /* PBXTargetDependency */,
			);
			name = exampleTests;
			productName = exampleTests;
			productReference = 3661DDBE22AF3012008F7017 /* exampleTests.xctest */;
			productType = "com.apple.product-type.bundle.unit-test";
		};
		3661DDC822AF3012008F7017 /* exampleUITests */ = {
			isa = PBXNativeTarget;
			buildConfigurationList = 3661DDD822AF3012008F7017 /* Build configuration list for PBXNativeTarget "exampleUITests" */;
			buildPhases = (
				3661DDC522AF3012008F7017 /* Sources */,
				3661DDC622AF3012008F7017 /* Frameworks */,
				3661DDC722AF3012008F7017 /* Resources */,
			);
			buildRules = (
			);
			dependencies = (
				3661DDCB22AF3012008F7017 /* PBXTargetDependency */,
			);
			name = exampleUITests;
			productName = exampleUITests;
			productReference = 3661DDC922AF3012008F7017 /* exampleUITests.xctest */;
			productType = "com.apple.product-type.bundle.ui-testing";
		};
/* End PBXNativeTarget section */

/* Begin PBXProject section */
		3661DDA222AF3012008F7017 /* Project object */ = {
			isa = PBXProject;
			attributes = {
				LastSwiftUpdateCheck = 1020;
				LastUpgradeCheck = 1020;
				ORGANIZATIONNAME = phyllis.wong;
				TargetAttributes = {
					3661DDA922AF3012008F7017 = {
						CreatedOnToolsVersion = 10.2.1;
						ProvisioningStyle = Automatic;
					};
					3661DDBD22AF3012008F7017 = {
						CreatedOnToolsVersion = 10.2.1;
						ProvisioningStyle = Automatic;
						TestTargetID = 3661DDA922AF3012008F7017;
					};
					3661DDC822AF3012008F7017 = {
						CreatedOnToolsVersion = 10.2.1;
						ProvisioningStyle = Automatic;
						TestTargetID = 3661DDA922AF3012008F7017;
					};
				};
			};
			buildConfigurationList = 3661DDA522AF3012008F7017 /* Build configuration list for PBXProject "example" */;
			compatibilityVersion = "Xcode 8.0";
			developmentRegion = en;
			hasScannedForEncodings = 0;
			knownRegions = (
				en,
				Base,
			);
			mainGroup = 3661DDA122AF3012008F7017;
			productRefGroup = 3661DDAB22AF3012008F7017 /* Products */;
			projectDirPath = "";
			projectRoot = "";
			targets = (
				3661DDA922AF3012008F7017 /* example */,
				3661DDBD22AF3012008F7017 /* exampleTests */,
				3661DDC822AF3012008F7017 /* exampleUITests */,
			);
		};
/* End PBXProject section */

/* Begin PBXResourcesBuildPhase section */
		3661DDA822AF3012008F7017 /* Resources */ = {
			isa = PBXResourcesBuildPhase;
			buildActionMask = 2147483647;
			files = (
				3661DDB822AF3012008F7017 /* LaunchScreen.storyboard in Resources */,
				3661DDB522AF3012008F7017 /* Assets.xcassets in Resources */,
				3661DDB322AF3012008F7017 /* Main.storyboard in Resources */,
			);
			runOnlyForDeploymentPostprocessing = 0;
		};
		3661DDBC22AF3012008F7017 /* Resources */ = {
			isa = PBXResourcesBuildPhase;
			buildActionMask = 2147483647;
			files = (
			);
			runOnlyForDeploymentPostprocessing = 0;
		};
		3661DDC722AF3012008F7017 /* Resources */ = {
			isa = PBXResourcesBuildPhase;
			buildActionMask = 2147483647;
			files = (
			);
			runOnlyForDeploymentPostprocessing = 0;
		};
/* End PBXResourcesBuildPhase section */

/* Begin PBXShellScriptBuildPhase section */
		3661DDDF22AF403F008F7017 /* ShellScript */ = {
			isa = PBXShellScriptBuildPhase;
			buildActionMask = 2147483647;
			files = (
			);
			inputFileListPaths = (
			);
			inputPaths = (
			);
			outputFileListPaths = (
			);
			outputPaths = (
			);
			runOnlyForDeploymentPostprocessing = 0;
			shellPath = /bin/sh;
			shellScript = "TAGS=\"TODO:|FIXME:|WARNING:\"\nERRORTAG=\"ERROR:\"\nfind \"${SRCROOT}\" \\( -name \"*.h\" -or -name \"*.m\" -or -name \"*.swift\" \\) -print0 | xargs -0 egrep --with-filename --line-number --only-matching \"($TAGS).*\\$|($ERRORTAG).*\\$\" | perl -p -e \"s/($TAGS)/ warning: \\$1/\"| perl -p -e \"s/($ERRORTAG)/ error: \\$1/\"\n";
		};
		8698CF1C4B23B96EBD18AC39 /* [CP] Embed Pods Frameworks */ = {
			isa = PBXShellScriptBuildPhase;
			buildActionMask = 2147483647;
			files = (
			);
			inputPaths = (
				"${PODS_ROOT}/Target Support Files/Pods-example/Pods-example-frameworks.sh",
				"${BUILT_PRODUCTS_DIR}/Alamofire/Alamofire.framework",
				"${BUILT_PRODUCTS_DIR}/PromiseKit/PromiseKit.framework",
				"${BUILT_PRODUCTS_DIR}/SwiftyJSON/SwiftyJSON.framework",
			);
			name = "[CP] Embed Pods Frameworks";
			outputPaths = (
				"${TARGET_BUILD_DIR}/${FRAMEWORKS_FOLDER_PATH}/Alamofire.framework",
				"${TARGET_BUILD_DIR}/${FRAMEWORKS_FOLDER_PATH}/PromiseKit.framework",
				"${TARGET_BUILD_DIR}/${FRAMEWORKS_FOLDER_PATH}/SwiftyJSON.framework",
			);
			runOnlyForDeploymentPostprocessing = 0;
			shellPath = /bin/sh;
			shellScript = "\"${PODS_ROOT}/Target Support Files/Pods-example/Pods-example-frameworks.sh\"\n";
			showEnvVarsInLog = 0;
		};
		FAAFBBB4FD40BC1526A53C3F /* [CP] Check Pods Manifest.lock */ = {
			isa = PBXShellScriptBuildPhase;
			buildActionMask = 2147483647;
			files = (
			);
			inputFileListPaths = (
			);
			inputPaths = (
				"${PODS_PODFILE_DIR_PATH}/Podfile.lock",
				"${PODS_ROOT}/Manifest.lock",
			);
			name = "[CP] Check Pods Manifest.lock";
			outputFileListPaths = (
			);
			outputPaths = (
				"$(DERIVED_FILE_DIR)/Pods-example-checkManifestLockResult.txt",
			);
			runOnlyForDeploymentPostprocessing = 0;
			shellPath = /bin/sh;
			shellScript = "diff \"${PODS_PODFILE_DIR_PATH}/Podfile.lock\" \"${PODS_ROOT}/Manifest.lock\" > /dev/null\nif [ $? != 0 ] ; then\n    # print error to STDERR\n    echo \"error: The sandbox is not in sync with the Podfile.lock. Run 'pod install' or update your CocoaPods installation.\" >&2\n    exit 1\nfi\n# This output is used by Xcode 'outputs' to avoid re-running this script phase.\necho \"SUCCESS\" > \"${SCRIPT_OUTPUT_FILE_0}\"\n";
			showEnvVarsInLog = 0;
		};
/* End PBXShellScriptBuildPhase section */

/* Begin PBXSourcesBuildPhase section */
		3661DDA622AF3012008F7017 /* Sources */ = {
			isa = PBXSourcesBuildPhase;
			buildActionMask = 2147483647;
			files = (
				3664FC1322B18AC9009ED0BE /* HTTPHeaders.swift in Sources */,
				3661DDDC22AF3599008F7017 /* Allocator.swift in Sources */,
				3661DDB022AF3012008F7017 /* ViewController.swift in Sources */,
				3664FC0C22B16443009ED0BE /* MaxSizeDictionary.swift in Sources */,
				3664FC1722B18B1A009ED0BE /* HTTPURLResponse.swift in Sources */,
				3664FC1022B187BC009ED0BE /* EventEmitter.swift in Sources */,
				36D06E7F22BB093700B533B3 /* Execution.swift in Sources */,
				36D06E8422BC0CD200B533B3 /* Dict.swift in Sources */,
				3607F8B222C4383A00A4891D /* ExecutionQueue.swift in Sources */,
				3664FC3222B95B2E009ED0BE /* EvolvClientImpl.swift in Sources */,
				36D06E8B22BC542000B533B3 /* EvolvAction.swift in Sources */,
				3664FC1B22B19352009ED0BE /* ExecutionDispatch.swift in Sources */,
				36D06E8622BC1F9900B533B3 /* Audience.swift in Sources */,
				3642C26722BD974F00EF8271 /* LinkedList.swift in Sources */,
				3661DDE122AF4855008F7017 /* EvolvParticipant.swift in Sources */,
				3607F8B422C4476C00A4891D /* LinkedQueue.swift in Sources */,
				36D06E8222BBF4A300B533B3 /* GenericClass.swift in Sources */,
				3664FC2A22B80664009ED0BE /* Log.swift in Sources */,
				3661DDE322AF6160008F7017 /* EvolvService.swift in Sources */,
				3664FC2522B42EEF009ED0BE /* LruCache.swift in Sources */,
				3664FC1922B18B31009ED0BE /* URLResponse.swift in Sources */,
				3664FC0822B084F7009ED0BE /* HttpClient.swift in Sources */,
				3661DDDE22AF3890008F7017 /* EvolvClient.swift in Sources */,
				3664FC0E22B17F69009ED0BE /* Allocations.swift in Sources */,
				3661DDAE22AF3012008F7017 /* AppDelegate.swift in Sources */,
				3664FC1522B18B06009ED0BE /* HTTPURLRequest.swift in Sources */,
				3642C2B022C1673E00EF8271 /* EvolvClientFactory.swift in Sources */,
				3664FC1F22B1C40D009ED0BE /* DefaultAllocationStore.swift in Sources */,
				3664FC2C22B81219009ED0BE /* EvolvCommon.swift in Sources */,
				3664FC2722B803CA009ED0BE /* ErrorObserver.swift in Sources */,
				3664FC0A22B15F98009ED0BE /* EvolvAllocationStore.swift in Sources */,
				3664FC1D22B19392009ED0BE /* EvolvConfig.swift in Sources */,
				36D06E8922BC325800B533B3 /* Extensions.swift in Sources */,
			);
			runOnlyForDeploymentPostprocessing = 0;
		};
		3661DDBA22AF3012008F7017 /* Sources */ = {
			isa = PBXSourcesBuildPhase;
			buildActionMask = 2147483647;
			files = (
				3661DDC322AF3012008F7017 /* exampleTests.swift in Sources */,
			);
			runOnlyForDeploymentPostprocessing = 0;
		};
		3661DDC522AF3012008F7017 /* Sources */ = {
			isa = PBXSourcesBuildPhase;
			buildActionMask = 2147483647;
			files = (
				3661DDCE22AF3012008F7017 /* exampleUITests.swift in Sources */,
			);
			runOnlyForDeploymentPostprocessing = 0;
		};
/* End PBXSourcesBuildPhase section */

/* Begin PBXTargetDependency section */
		3661DDC022AF3012008F7017 /* PBXTargetDependency */ = {
			isa = PBXTargetDependency;
			target = 3661DDA922AF3012008F7017 /* example */;
			targetProxy = 3661DDBF22AF3012008F7017 /* PBXContainerItemProxy */;
		};
		3661DDCB22AF3012008F7017 /* PBXTargetDependency */ = {
			isa = PBXTargetDependency;
			target = 3661DDA922AF3012008F7017 /* example */;
			targetProxy = 3661DDCA22AF3012008F7017 /* PBXContainerItemProxy */;
		};
/* End PBXTargetDependency section */

/* Begin PBXVariantGroup section */
		3661DDB122AF3012008F7017 /* Main.storyboard */ = {
			isa = PBXVariantGroup;
			children = (
				3661DDB222AF3012008F7017 /* Base */,
			);
			name = Main.storyboard;
			sourceTree = "<group>";
		};
		3661DDB622AF3012008F7017 /* LaunchScreen.storyboard */ = {
			isa = PBXVariantGroup;
			children = (
				3661DDB722AF3012008F7017 /* Base */,
			);
			name = LaunchScreen.storyboard;
			sourceTree = "<group>";
		};
/* End PBXVariantGroup section */

/* Begin XCBuildConfiguration section */
		3661DDD022AF3012008F7017 /* Debug */ = {
			isa = XCBuildConfiguration;
			buildSettings = {
				ALWAYS_SEARCH_USER_PATHS = NO;
				CLANG_ANALYZER_NONNULL = YES;
				CLANG_ANALYZER_NUMBER_OBJECT_CONVERSION = YES_AGGRESSIVE;
				CLANG_CXX_LANGUAGE_STANDARD = "gnu++14";
				CLANG_CXX_LIBRARY = "libc++";
				CLANG_ENABLE_MODULES = YES;
				CLANG_ENABLE_OBJC_ARC = YES;
				CLANG_ENABLE_OBJC_WEAK = YES;
				CLANG_WARN_BLOCK_CAPTURE_AUTORELEASING = YES;
				CLANG_WARN_BOOL_CONVERSION = YES;
				CLANG_WARN_COMMA = YES;
				CLANG_WARN_CONSTANT_CONVERSION = YES;
				CLANG_WARN_DEPRECATED_OBJC_IMPLEMENTATIONS = YES;
				CLANG_WARN_DIRECT_OBJC_ISA_USAGE = YES_ERROR;
				CLANG_WARN_DOCUMENTATION_COMMENTS = YES;
				CLANG_WARN_EMPTY_BODY = YES;
				CLANG_WARN_ENUM_CONVERSION = YES;
				CLANG_WARN_INFINITE_RECURSION = YES;
				CLANG_WARN_INT_CONVERSION = YES;
				CLANG_WARN_NON_LITERAL_NULL_CONVERSION = YES;
				CLANG_WARN_OBJC_IMPLICIT_RETAIN_SELF = YES;
				CLANG_WARN_OBJC_LITERAL_CONVERSION = YES;
				CLANG_WARN_OBJC_ROOT_CLASS = YES_ERROR;
				CLANG_WARN_RANGE_LOOP_ANALYSIS = YES;
				CLANG_WARN_STRICT_PROTOTYPES = YES;
				CLANG_WARN_SUSPICIOUS_MOVE = YES;
				CLANG_WARN_UNGUARDED_AVAILABILITY = YES_AGGRESSIVE;
				CLANG_WARN_UNREACHABLE_CODE = YES;
				CLANG_WARN__DUPLICATE_METHOD_MATCH = YES;
				CODE_SIGN_IDENTITY = "iPhone Developer";
				COPY_PHASE_STRIP = NO;
				DEBUG_INFORMATION_FORMAT = dwarf;
				ENABLE_STRICT_OBJC_MSGSEND = YES;
				ENABLE_TESTABILITY = YES;
				GCC_C_LANGUAGE_STANDARD = gnu11;
				GCC_DYNAMIC_NO_PIC = NO;
				GCC_NO_COMMON_BLOCKS = YES;
				GCC_OPTIMIZATION_LEVEL = 0;
				GCC_PREPROCESSOR_DEFINITIONS = (
					"DEBUG=1",
					"$(inherited)",
				);
				GCC_WARN_64_TO_32_BIT_CONVERSION = YES;
				GCC_WARN_ABOUT_RETURN_TYPE = YES_ERROR;
				GCC_WARN_UNDECLARED_SELECTOR = YES;
				GCC_WARN_UNINITIALIZED_AUTOS = YES_AGGRESSIVE;
				GCC_WARN_UNUSED_FUNCTION = YES;
				GCC_WARN_UNUSED_VARIABLE = YES;
				IPHONEOS_DEPLOYMENT_TARGET = 9.0;
				MTL_ENABLE_DEBUG_INFO = INCLUDE_SOURCE;
				MTL_FAST_MATH = YES;
				ONLY_ACTIVE_ARCH = YES;
				SDKROOT = iphoneos;
				SWIFT_ACTIVE_COMPILATION_CONDITIONS = DEBUG;
				SWIFT_OPTIMIZATION_LEVEL = "-Onone";
				SWIFT_VERSION = "";
			};
			name = Debug;
		};
		3661DDD122AF3012008F7017 /* Release */ = {
			isa = XCBuildConfiguration;
			buildSettings = {
				ALWAYS_SEARCH_USER_PATHS = NO;
				CLANG_ANALYZER_NONNULL = YES;
				CLANG_ANALYZER_NUMBER_OBJECT_CONVERSION = YES_AGGRESSIVE;
				CLANG_CXX_LANGUAGE_STANDARD = "gnu++14";
				CLANG_CXX_LIBRARY = "libc++";
				CLANG_ENABLE_MODULES = YES;
				CLANG_ENABLE_OBJC_ARC = YES;
				CLANG_ENABLE_OBJC_WEAK = YES;
				CLANG_WARN_BLOCK_CAPTURE_AUTORELEASING = YES;
				CLANG_WARN_BOOL_CONVERSION = YES;
				CLANG_WARN_COMMA = YES;
				CLANG_WARN_CONSTANT_CONVERSION = YES;
				CLANG_WARN_DEPRECATED_OBJC_IMPLEMENTATIONS = YES;
				CLANG_WARN_DIRECT_OBJC_ISA_USAGE = YES_ERROR;
				CLANG_WARN_DOCUMENTATION_COMMENTS = YES;
				CLANG_WARN_EMPTY_BODY = YES;
				CLANG_WARN_ENUM_CONVERSION = YES;
				CLANG_WARN_INFINITE_RECURSION = YES;
				CLANG_WARN_INT_CONVERSION = YES;
				CLANG_WARN_NON_LITERAL_NULL_CONVERSION = YES;
				CLANG_WARN_OBJC_IMPLICIT_RETAIN_SELF = YES;
				CLANG_WARN_OBJC_LITERAL_CONVERSION = YES;
				CLANG_WARN_OBJC_ROOT_CLASS = YES_ERROR;
				CLANG_WARN_RANGE_LOOP_ANALYSIS = YES;
				CLANG_WARN_STRICT_PROTOTYPES = YES;
				CLANG_WARN_SUSPICIOUS_MOVE = YES;
				CLANG_WARN_UNGUARDED_AVAILABILITY = YES_AGGRESSIVE;
				CLANG_WARN_UNREACHABLE_CODE = YES;
				CLANG_WARN__DUPLICATE_METHOD_MATCH = YES;
				CODE_SIGN_IDENTITY = "iPhone Developer";
				COPY_PHASE_STRIP = NO;
				DEBUG_INFORMATION_FORMAT = "dwarf-with-dsym";
				ENABLE_NS_ASSERTIONS = NO;
				ENABLE_STRICT_OBJC_MSGSEND = YES;
				GCC_C_LANGUAGE_STANDARD = gnu11;
				GCC_NO_COMMON_BLOCKS = YES;
				GCC_WARN_64_TO_32_BIT_CONVERSION = YES;
				GCC_WARN_ABOUT_RETURN_TYPE = YES_ERROR;
				GCC_WARN_UNDECLARED_SELECTOR = YES;
				GCC_WARN_UNINITIALIZED_AUTOS = YES_AGGRESSIVE;
				GCC_WARN_UNUSED_FUNCTION = YES;
				GCC_WARN_UNUSED_VARIABLE = YES;
				IPHONEOS_DEPLOYMENT_TARGET = 9.0;
				MTL_ENABLE_DEBUG_INFO = NO;
				MTL_FAST_MATH = YES;
				SDKROOT = iphoneos;
				SWIFT_OPTIMIZATION_LEVEL = "-Owholemodule";
				SWIFT_VERSION = "";
				VALIDATE_PRODUCT = YES;
			};
			name = Release;
		};
		3661DDD322AF3012008F7017 /* Debug */ = {
			isa = XCBuildConfiguration;
			baseConfigurationReference = 21A91E004D94D3EB6AE918D3 /* Pods-example.debug.xcconfig */;
			buildSettings = {
				ASSETCATALOG_COMPILER_APPICON_NAME = AppIcon;
				CODE_SIGN_STYLE = Automatic;
				INFOPLIST_FILE = example/Info.plist;
				IPHONEOS_DEPLOYMENT_TARGET = 9.0;
				LD_RUNPATH_SEARCH_PATHS = "$(inherited) @executable_path/Frameworks";
				PRODUCT_BUNDLE_IDENTIFIER = phyllis.codes.example;
				PRODUCT_NAME = "$(TARGET_NAME)";
				SWIFT_VERSION = 5.0;
				TARGETED_DEVICE_FAMILY = "1,2";
			};
			name = Debug;
		};
		3661DDD422AF3012008F7017 /* Release */ = {
			isa = XCBuildConfiguration;
			baseConfigurationReference = FDEECCE933EDCA50BF9067D5 /* Pods-example.release.xcconfig */;
			buildSettings = {
				ASSETCATALOG_COMPILER_APPICON_NAME = AppIcon;
				CODE_SIGN_STYLE = Automatic;
				INFOPLIST_FILE = example/Info.plist;
				IPHONEOS_DEPLOYMENT_TARGET = 9.0;
				LD_RUNPATH_SEARCH_PATHS = "$(inherited) @executable_path/Frameworks";
				PRODUCT_BUNDLE_IDENTIFIER = phyllis.codes.example;
				PRODUCT_NAME = "$(TARGET_NAME)";
				SWIFT_VERSION = 5.0;
				TARGETED_DEVICE_FAMILY = "1,2";
			};
			name = Release;
		};
		3661DDD622AF3012008F7017 /* Debug */ = {
			isa = XCBuildConfiguration;
			buildSettings = {
				ALWAYS_EMBED_SWIFT_STANDARD_LIBRARIES = YES;
				BUNDLE_LOADER = "$(TEST_HOST)";
				CODE_SIGN_STYLE = Automatic;
				INFOPLIST_FILE = exampleTests/Info.plist;
				LD_RUNPATH_SEARCH_PATHS = "$(inherited) @executable_path/Frameworks @loader_path/Frameworks";
				PRODUCT_BUNDLE_IDENTIFIER = phyllis.codes.exampleTests;
				PRODUCT_NAME = "$(TARGET_NAME)";
				SWIFT_VERSION = 5.0;
				TARGETED_DEVICE_FAMILY = "1,2";
				TEST_HOST = "$(BUILT_PRODUCTS_DIR)/example.app/example";
			};
			name = Debug;
		};
		3661DDD722AF3012008F7017 /* Release */ = {
			isa = XCBuildConfiguration;
			buildSettings = {
				ALWAYS_EMBED_SWIFT_STANDARD_LIBRARIES = YES;
				BUNDLE_LOADER = "$(TEST_HOST)";
				CODE_SIGN_STYLE = Automatic;
				INFOPLIST_FILE = exampleTests/Info.plist;
				LD_RUNPATH_SEARCH_PATHS = "$(inherited) @executable_path/Frameworks @loader_path/Frameworks";
				PRODUCT_BUNDLE_IDENTIFIER = phyllis.codes.exampleTests;
				PRODUCT_NAME = "$(TARGET_NAME)";
				SWIFT_VERSION = 5.0;
				TARGETED_DEVICE_FAMILY = "1,2";
				TEST_HOST = "$(BUILT_PRODUCTS_DIR)/example.app/example";
			};
			name = Release;
		};
		3661DDD922AF3012008F7017 /* Debug */ = {
			isa = XCBuildConfiguration;
			buildSettings = {
				ALWAYS_EMBED_SWIFT_STANDARD_LIBRARIES = YES;
				CODE_SIGN_STYLE = Automatic;
				INFOPLIST_FILE = exampleUITests/Info.plist;
				LD_RUNPATH_SEARCH_PATHS = "$(inherited) @executable_path/Frameworks @loader_path/Frameworks";
				PRODUCT_BUNDLE_IDENTIFIER = phyllis.codes.exampleUITests;
				PRODUCT_NAME = "$(TARGET_NAME)";
				SWIFT_VERSION = 5.0;
				TARGETED_DEVICE_FAMILY = "1,2";
				TEST_TARGET_NAME = example;
			};
			name = Debug;
		};
		3661DDDA22AF3012008F7017 /* Release */ = {
			isa = XCBuildConfiguration;
			buildSettings = {
				ALWAYS_EMBED_SWIFT_STANDARD_LIBRARIES = YES;
				CODE_SIGN_STYLE = Automatic;
				INFOPLIST_FILE = exampleUITests/Info.plist;
				LD_RUNPATH_SEARCH_PATHS = "$(inherited) @executable_path/Frameworks @loader_path/Frameworks";
				PRODUCT_BUNDLE_IDENTIFIER = phyllis.codes.exampleUITests;
				PRODUCT_NAME = "$(TARGET_NAME)";
				SWIFT_VERSION = 5.0;
				TARGETED_DEVICE_FAMILY = "1,2";
				TEST_TARGET_NAME = example;
			};
			name = Release;
		};
/* End XCBuildConfiguration section */

/* Begin XCConfigurationList section */
		3661DDA522AF3012008F7017 /* Build configuration list for PBXProject "example" */ = {
			isa = XCConfigurationList;
			buildConfigurations = (
				3661DDD022AF3012008F7017 /* Debug */,
				3661DDD122AF3012008F7017 /* Release */,
			);
			defaultConfigurationIsVisible = 0;
			defaultConfigurationName = Release;
		};
		3661DDD222AF3012008F7017 /* Build configuration list for PBXNativeTarget "example" */ = {
			isa = XCConfigurationList;
			buildConfigurations = (
				3661DDD322AF3012008F7017 /* Debug */,
				3661DDD422AF3012008F7017 /* Release */,
			);
			defaultConfigurationIsVisible = 0;
			defaultConfigurationName = Release;
		};
		3661DDD522AF3012008F7017 /* Build configuration list for PBXNativeTarget "exampleTests" */ = {
			isa = XCConfigurationList;
			buildConfigurations = (
				3661DDD622AF3012008F7017 /* Debug */,
				3661DDD722AF3012008F7017 /* Release */,
			);
			defaultConfigurationIsVisible = 0;
			defaultConfigurationName = Release;
		};
		3661DDD822AF3012008F7017 /* Build configuration list for PBXNativeTarget "exampleUITests" */ = {
			isa = XCConfigurationList;
			buildConfigurations = (
				3661DDD922AF3012008F7017 /* Debug */,
				3661DDDA22AF3012008F7017 /* Release */,
			);
			defaultConfigurationIsVisible = 0;
			defaultConfigurationName = Release;
		};
/* End XCConfigurationList section */
	};
	rootObject = 3661DDA222AF3012008F7017 /* Project object */;
}
